
Microsoft Visual Studio Solution File, Format Version 12.00
# Visual Studio Version 17
VisualStudioVersion = 17.3.32901.215
MinimumVisualStudioVersion = 10.0.40219.1
Project("{FAE04EC0-301F-11D3-BF4B-00C04F79EFBC}") = "LearnSeq", "LearnSeq\LearnSeq.csproj", "{E6B5DCD0-EAAA-48C9-8F9A-566DDFB1A11D}"
EndProject
Project("{FAE04EC0-301F-11D3-BF4B-00C04F79EFBC}") = "LearnRedis", "LearnRedis\LearnRedis.csproj", "{CF208BB2-BC94-4A36-95ED-30A339AA0DF6}"
EndProject
Project("{2150E333-8FDC-42A3-9474-1A3956D46DE8}") = "LearnRabbitMQ", "LearnRabbitMQ", "{8C775AD7-8607-4363-AFF8-4A3C134D34A2}"
EndProject
Project("{FAE04EC0-301F-11D3-BF4B-00C04F79EFBC}") = "Producer", "Producer\Producer.csproj", "{82896594-BCF4-481A-A88B-99E77AD2737B}"
EndProject
Project("{FAE04EC0-301F-11D3-BF4B-00C04F79EFBC}") = "Consumer", "Consumer\Consumer.csproj", "{03F2F84B-728C-4729-914C-E05E1DAA5B6F}"
EndProject
Project("{FAE04EC0-301F-11D3-BF4B-00C04F79EFBC}") = "SecondConsumer", "SecondConsumer\SecondConsumer.csproj", "{4ABC1647-49DC-4D02-9C6D-BEEFC6CD1589}"
EndProject
Project("{2150E333-8FDC-42A3-9474-1A3956D46DE8}") = "PUB_SUB", "PUB_SUB", "{A7818ADB-3FDB-4724-BAA0-C6D8C18AD265}"
EndProject
Project("{FAE04EC0-301F-11D3-BF4B-00C04F79EFBC}") = "ProducerPUBSUB", "ProducerPUBSUB\ProducerPUBSUB.csproj", "{68C2BAD5-2668-4E7E-924C-0C4217719A48}"
EndProject
Project("{FAE04EC0-301F-11D3-BF4B-00C04F79EFBC}") = "FirstConsumer", "FirstConsumer\FirstConsumer.csproj", "{8CD371E3-CF9D-4E18-B9AD-D19730334556}"
EndProject
Project("{2150E333-8FDC-42A3-9474-1A3956D46DE8}") = "AnalyticsPaymentsProducer", "AnalyticsPaymentsProducer", "{6D1F9306-5A87-4B4A-8DFF-4B5A4757EE58}"
EndProject
Project("{FAE04EC0-301F-11D3-BF4B-00C04F79EFBC}") = "AnalyticsConsumer", "AnalyticsConsumer\AnalyticsConsumer.csproj", "{F36287A7-E5AA-4920-BA27-B8E26E122976}"
EndProject
Project("{FAE04EC0-301F-11D3-BF4B-00C04F79EFBC}") = "PaymentsConsumer", "PaymentsConsumer\PaymentsConsumer.csproj", "{79E42A22-6A19-4B12-9B17-9877B6D5199F}"
EndProject
Project("{FAE04EC0-301F-11D3-BF4B-00C04F79EFBC}") = "ProducerAPP", "ProducerAPP\ProducerAPP.csproj", "{534E53EF-0A3E-4AAB-9445-4D3FCD1C447F}"
EndProject
Project("{FAE04EC0-301F-11D3-BF4B-00C04F79EFBC}") = "UserConsumer", "UserConsumer\UserConsumer.csproj", "{00E03422-8EBB-42AB-9B7E-76AB0B5B222E}"
EndProject
Global
	GlobalSection(SolutionConfigurationPlatforms) = preSolution
		Debug|Any CPU = Debug|Any CPU
		Release|Any CPU = Release|Any CPU
	EndGlobalSection
	GlobalSection(ProjectConfigurationPlatforms) = postSolution
		{E6B5DCD0-EAAA-48C9-8F9A-566DDFB1A11D}.Debug|Any CPU.ActiveCfg = Debug|Any CPU
		{E6B5DCD0-EAAA-48C9-8F9A-566DDFB1A11D}.Debug|Any CPU.Build.0 = Debug|Any CPU
		{E6B5DCD0-EAAA-48C9-8F9A-566DDFB1A11D}.Release|Any CPU.ActiveCfg = Release|Any CPU
		{E6B5DCD0-EAAA-48C9-8F9A-566DDFB1A11D}.Release|Any CPU.Build.0 = Release|Any CPU
		{CF208BB2-BC94-4A36-95ED-30A339AA0DF6}.Debug|Any CPU.ActiveCfg = Debug|Any CPU
		{CF208BB2-BC94-4A36-95ED-30A339AA0DF6}.Debug|Any CPU.Build.0 = Debug|Any CPU
		{CF208BB2-BC94-4A36-95ED-30A339AA0DF6}.Release|Any CPU.ActiveCfg = Release|Any CPU
		{CF208BB2-BC94-4A36-95ED-30A339AA0DF6}.Release|Any CPU.Build.0 = Release|Any CPU
		{82896594-BCF4-481A-A88B-99E77AD2737B}.Debug|Any CPU.ActiveCfg = Debug|Any CPU
		{82896594-BCF4-481A-A88B-99E77AD2737B}.Debug|Any CPU.Build.0 = Debug|Any CPU
		{82896594-BCF4-481A-A88B-99E77AD2737B}.Release|Any CPU.ActiveCfg = Release|Any CPU
		{82896594-BCF4-481A-A88B-99E77AD2737B}.Release|Any CPU.Build.0 = Release|Any CPU
		{03F2F84B-728C-4729-914C-E05E1DAA5B6F}.Debug|Any CPU.ActiveCfg = Debug|Any CPU
		{03F2F84B-728C-4729-914C-E05E1DAA5B6F}.Debug|Any CPU.Build.0 = Debug|Any CPU
		{03F2F84B-728C-4729-914C-E05E1DAA5B6F}.Release|Any CPU.ActiveCfg = Release|Any CPU
		{03F2F84B-728C-4729-914C-E05E1DAA5B6F}.Release|Any CPU.Build.0 = Release|Any CPU
		{4ABC1647-49DC-4D02-9C6D-BEEFC6CD1589}.Debug|Any CPU.ActiveCfg = Debug|Any CPU
		{4ABC1647-49DC-4D02-9C6D-BEEFC6CD1589}.Debug|Any CPU.Build.0 = Debug|Any CPU
		{4ABC1647-49DC-4D02-9C6D-BEEFC6CD1589}.Release|Any CPU.ActiveCfg = Release|Any CPU
		{4ABC1647-49DC-4D02-9C6D-BEEFC6CD1589}.Release|Any CPU.Build.0 = Release|Any CPU
		{68C2BAD5-2668-4E7E-924C-0C4217719A48}.Debug|Any CPU.ActiveCfg = Debug|Any CPU
		{68C2BAD5-2668-4E7E-924C-0C4217719A48}.Debug|Any CPU.Build.0 = Debug|Any CPU
		{68C2BAD5-2668-4E7E-924C-0C4217719A48}.Release|Any CPU.ActiveCfg = Release|Any CPU
		{68C2BAD5-2668-4E7E-924C-0C4217719A48}.Release|Any CPU.Build.0 = Release|Any CPU
		{8CD371E3-CF9D-4E18-B9AD-D19730334556}.Debug|Any CPU.ActiveCfg = Debug|Any CPU
		{8CD371E3-CF9D-4E18-B9AD-D19730334556}.Debug|Any CPU.Build.0 = Debug|Any CPU
		{8CD371E3-CF9D-4E18-B9AD-D19730334556}.Release|Any CPU.ActiveCfg = Release|Any CPU
		{8CD371E3-CF9D-4E18-B9AD-D19730334556}.Release|Any CPU.Build.0 = Release|Any CPU
		{F36287A7-E5AA-4920-BA27-B8E26E122976}.Debug|Any CPU.ActiveCfg = Debug|Any CPU
		{F36287A7-E5AA-4920-BA27-B8E26E122976}.Debug|Any CPU.Build.0 = Debug|Any CPU
		{F36287A7-E5AA-4920-BA27-B8E26E122976}.Release|Any CPU.ActiveCfg = Release|Any CPU
		{F36287A7-E5AA-4920-BA27-B8E26E122976}.Release|Any CPU.Build.0 = Release|Any CPU
		{79E42A22-6A19-4B12-9B17-9877B6D5199F}.Debug|Any CPU.ActiveCfg = Debug|Any CPU
		{79E42A22-6A19-4B12-9B17-9877B6D5199F}.Debug|Any CPU.Build.0 = Debug|Any CPU
		{79E42A22-6A19-4B12-9B17-9877B6D5199F}.Release|Any CPU.ActiveCfg = Release|Any CPU
		{79E42A22-6A19-4B12-9B17-9877B6D5199F}.Release|Any CPU.Build.0 = Release|Any CPU
		{534E53EF-0A3E-4AAB-9445-4D3FCD1C447F}.Debug|Any CPU.ActiveCfg = Debug|Any CPU
		{534E53EF-0A3E-4AAB-9445-4D3FCD1C447F}.Debug|Any CPU.Build.0 = Debug|Any CPU
		{534E53EF-0A3E-4AAB-9445-4D3FCD1C447F}.Release|Any CPU.ActiveCfg = Release|Any CPU
		{534E53EF-0A3E-4AAB-9445-4D3FCD1C447F}.Release|Any CPU.Build.0 = Release|Any CPU
		{00E03422-8EBB-42AB-9B7E-76AB0B5B222E}.Debug|Any CPU.ActiveCfg = Debug|Any CPU
		{00E03422-8EBB-42AB-9B7E-76AB0B5B222E}.Debug|Any CPU.Build.0 = Debug|Any CPU
		{00E03422-8EBB-42AB-9B7E-76AB0B5B222E}.Release|Any CPU.ActiveCfg = Release|Any CPU
		{00E03422-8EBB-42AB-9B7E-76AB0B5B222E}.Release|Any CPU.Build.0 = Release|Any CPU
	EndGlobalSection
	GlobalSection(SolutionProperties) = preSolution
		HideSolutionNode = FALSE
	EndGlobalSection
	GlobalSection(NestedProjects) = preSolution
		{82896594-BCF4-481A-A88B-99E77AD2737B} = {8C775AD7-8607-4363-AFF8-4A3C134D34A2}
		{03F2F84B-728C-4729-914C-E05E1DAA5B6F} = {8C775AD7-8607-4363-AFF8-4A3C134D34A2}
		{4ABC1647-49DC-4D02-9C6D-BEEFC6CD1589} = {A7818ADB-3FDB-4724-BAA0-C6D8C18AD265}
		{A7818ADB-3FDB-4724-BAA0-C6D8C18AD265} = {8C775AD7-8607-4363-AFF8-4A3C134D34A2}
		{68C2BAD5-2668-4E7E-924C-0C4217719A48} = {A7818ADB-3FDB-4724-BAA0-C6D8C18AD265}
		{8CD371E3-CF9D-4E18-B9AD-D19730334556} = {A7818ADB-3FDB-4724-BAA0-C6D8C18AD265}
		{6D1F9306-5A87-4B4A-8DFF-4B5A4757EE58} = {8C775AD7-8607-4363-AFF8-4A3C134D34A2}
		{F36287A7-E5AA-4920-BA27-B8E26E122976} = {6D1F9306-5A87-4B4A-8DFF-4B5A4757EE58}
		{79E42A22-6A19-4B12-9B17-9877B6D5199F} = {6D1F9306-5A87-4B4A-8DFF-4B5A4757EE58}
		{534E53EF-0A3E-4AAB-9445-4D3FCD1C447F} = {6D1F9306-5A87-4B4A-8DFF-4B5A4757EE58}
		{00E03422-8EBB-42AB-9B7E-76AB0B5B222E} = {6D1F9306-5A87-4B4A-8DFF-4B5A4757EE58}
	EndGlobalSection
	GlobalSection(ExtensibilityGlobals) = postSolution
		SolutionGuid = {FA14B41C-75F2-4A2B-8D55-2863D1815AE1}
	EndGlobalSection
EndGlobal
