
Microsoft Visual Studio Solution File, Format Version 12.00
# Visual Studio Version 17
VisualStudioVersion = 17.3.32901.215
MinimumVisualStudioVersion = 10.0.40219.1
Project("{9A19103F-16F7-4668-BE54-9A1E7A4F7556}") = "LearnSeq", "LearnSeq\LearnSeq.csproj", "{E6B5DCD0-EAAA-48C9-8F9A-566DDFB1A11D}"
EndProject
Project("{9A19103F-16F7-4668-BE54-9A1E7A4F7556}") = "LearnRedis", "LearnRedis\LearnRedis.csproj", "{CF208BB2-BC94-4A36-95ED-30A339AA0DF6}"
EndProject
Project("{2150E333-8FDC-42A3-9474-1A3956D46DE8}") = "LearnRabbitMQ", "LearnRabbitMQ", "{8C775AD7-8607-4363-AFF8-4A3C134D34A2}"
	ProjectSection(SolutionItems) = preProject
		templays.txt = templays.txt
	EndProjectSection
EndProject
Project("{9A19103F-16F7-4668-BE54-9A1E7A4F7556}") = "Producer", "Producer\Producer.csproj", "{82896594-BCF4-481A-A88B-99E77AD2737B}"
EndProject
Project("{9A19103F-16F7-4668-BE54-9A1E7A4F7556}") = "Consumer", "Consumer\Consumer.csproj", "{03F2F84B-728C-4729-914C-E05E1DAA5B6F}"
EndProject
Project("{9A19103F-16F7-4668-BE54-9A1E7A4F7556}") = "SecondConsumer", "SecondConsumer\SecondConsumer.csproj", "{4ABC1647-49DC-4D02-9C6D-BEEFC6CD1589}"
EndProject
Project("{2150E333-8FDC-42A3-9474-1A3956D46DE8}") = "PUB_SUB", "PUB_SUB", "{A7818ADB-3FDB-4724-BAA0-C6D8C18AD265}"
EndProject
Project("{9A19103F-16F7-4668-BE54-9A1E7A4F7556}") = "ProducerPUBSUB", "ProducerPUBSUB\ProducerPUBSUB.csproj", "{68C2BAD5-2668-4E7E-924C-0C4217719A48}"
EndProject
Project("{9A19103F-16F7-4668-BE54-9A1E7A4F7556}") = "FirstConsumer", "FirstConsumer\FirstConsumer.csproj", "{8CD371E3-CF9D-4E18-B9AD-D19730334556}"
EndProject
Project("{2150E333-8FDC-42A3-9474-1A3956D46DE8}") = "AnalyticsPaymentsProducer", "AnalyticsPaymentsProducer", "{6D1F9306-5A87-4B4A-8DFF-4B5A4757EE58}"
EndProject
Project("{9A19103F-16F7-4668-BE54-9A1E7A4F7556}") = "AnalyticsConsumer", "AnalyticsConsumer\AnalyticsConsumer.csproj", "{F36287A7-E5AA-4920-BA27-B8E26E122976}"
EndProject
Project("{9A19103F-16F7-4668-BE54-9A1E7A4F7556}") = "PaymentsConsumer", "PaymentsConsumer\PaymentsConsumer.csproj", "{79E42A22-6A19-4B12-9B17-9877B6D5199F}"
EndProject
Project("{9A19103F-16F7-4668-BE54-9A1E7A4F7556}") = "ProducerAPP", "ProducerAPP\ProducerAPP.csproj", "{534E53EF-0A3E-4AAB-9445-4D3FCD1C447F}"
EndProject
Project("{9A19103F-16F7-4668-BE54-9A1E7A4F7556}") = "UserConsumer", "UserConsumer\UserConsumer.csproj", "{00E03422-8EBB-42AB-9B7E-76AB0B5B222E}"
EndProject
Project("{2150E333-8FDC-42A3-9474-1A3956D46DE8}") = "Request-Reply", "Request-Reply", "{6A56F556-1646-4345-B4B2-9D6574E3960C}"
EndProject
Project("{9A19103F-16F7-4668-BE54-9A1E7A4F7556}") = "Client-RR", "Client-RR\Client-RR.csproj", "{355A007C-F4DF-457F-9018-F688B141F73F}"
EndProject
Project("{9A19103F-16F7-4668-BE54-9A1E7A4F7556}") = "Server-RR", "Server-RR\Server-RR.csproj", "{0EF4EF45-9869-4375-9D93-D318BDD46A3A}"
EndProject
Project("{2150E333-8FDC-42A3-9474-1A3956D46DE8}") = "Ex-Ex", "Ex-Ex", "{8FB0AA5E-3305-41CA-B4B1-C571104AEB71}"
EndProject
Project("{9A19103F-16F7-4668-BE54-9A1E7A4F7556}") = "Consumer-Ex-Ex", "Consumer-Ex-Ex\Consumer-Ex-Ex.csproj", "{31361514-D713-4A40-A402-B3E781FFACE9}"
EndProject
Project("{9A19103F-16F7-4668-BE54-9A1E7A4F7556}") = "Producer-Ex-Ex", "Producer-Ex-Ex\Producer-Ex-Ex.csproj", "{88AAB0D8-861C-4086-A565-A244084CDC5F}"
EndProject
Project("{2150E333-8FDC-42A3-9474-1A3956D46DE8}") = "Headers-Exchange", "Headers-Exchange", "{AE9B448A-6A42-425E-B5DC-4A9280339C1E}"
EndProject
Project("{9A19103F-16F7-4668-BE54-9A1E7A4F7556}") = "Consumer-HE", "Consumer-HE\Consumer-HE.csproj", "{A5B8962F-BFE8-46D1-A391-8868D553AE87}"
EndProject
Project("{9A19103F-16F7-4668-BE54-9A1E7A4F7556}") = "Producer-HE", "Producer-HE\Producer-HE.csproj", "{694AC84E-AE5B-4BC2-99F2-EA2AAAA9A142}"
EndProject
Project("{2150E333-8FDC-42A3-9474-1A3956D46DE8}") = "Consistant-Hashing-Exchange", "Consistant-Hashing-Exchange", "{3BD6D709-73AB-4B9B-AC7B-2D3545520B34}"
EndProject
Project("{9A19103F-16F7-4668-BE54-9A1E7A4F7556}") = "Consumer-CHE", "Consumer-CHE\Consumer-CHE.csproj", "{2AB7DDE4-4AF8-4D1B-9CAD-950A06F6C00D}"
EndProject
Project("{9A19103F-16F7-4668-BE54-9A1E7A4F7556}") = "Producer-CHE", "Producer-CHE\Producer-CHE.csproj", "{1D258490-58F6-41ED-A4B7-C8DC974938EC}"
EndProject
Project("{2150E333-8FDC-42A3-9474-1A3956D46DE8}") = "Alternate-Exchange", "Alternate-Exchange", "{7D31B4A5-96C7-4B9E-9220-8552D86FD698}"
EndProject
Project("{9A19103F-16F7-4668-BE54-9A1E7A4F7556}") = "Consumer-AE", "Consumer-AE\Consumer-AE.csproj", "{A2D9F4D2-88DD-480C-B674-B938C5318E93}"
EndProject
Project("{9A19103F-16F7-4668-BE54-9A1E7A4F7556}") = "Producer-AE", "Producer-AE\Producer-AE.csproj", "{16574724-1473-4AB0-B392-A3EA4617430B}"
EndProject
Project("{2150E333-8FDC-42A3-9474-1A3956D46DE8}") = "Solution Items", "Solution Items", "{44E2C2AA-BC7C-418B-9FE8-AD0FE0D265B6}"
	ProjectSection(SolutionItems) = preProject
		.editorconfig = .editorconfig
	EndProjectSection
EndProject
Project("{2150E333-8FDC-42A3-9474-1A3956D46DE8}") = "gRPC", "gRPC", "{48287682-C048-4BCB-AD1B-2D8775DA8570}"
EndProject
Project("{9A19103F-16F7-4668-BE54-9A1E7A4F7556}") = "GrpcService", "GrpcService\GrpcService.csproj", "{6FB36155-2045-4C88-98F9-4A0B81560008}"
EndProject
Project("{9A19103F-16F7-4668-BE54-9A1E7A4F7556}") = "GrpcClient", "GrpcClient\GrpcClient.csproj", "{126B99D1-8942-4E4D-960E-A7B88F6D8FE3}"
EndProject
Project("{2150E333-8FDC-42A3-9474-1A3956D46DE8}") = "SourceGenerated", "SourceGenerated", "{29DE4BD0-1A74-4CCA-AB79-AE42EE5D26B0}"
EndProject
Project("{9A19103F-16F7-4668-BE54-9A1E7A4F7556}") = "ConsoleSG", "ConsoleSG\ConsoleSG.csproj", "{1EC36F5A-469D-4149-9538-1A9D4C0135F1}"
EndProject
Project("{9A19103F-16F7-4668-BE54-9A1E7A4F7556}") = "LibrarySC", "LibrarySC\LibrarySC.csproj", "{ABAAE78C-2317-4D46-9945-CB3A165E4778}"
EndProject
Project("{2150E333-8FDC-42A3-9474-1A3956D46DE8}") = "IdentityServer", "IdentityServer", "{85C5C9D0-A78E-44DE-A1F4-F27A0ABA9DAA}"
EndProject
Project("{2150E333-8FDC-42A3-9474-1A3956D46DE8}") = "LearnMicroservices", "LearnMicroservices", "{60E89F1F-1767-46CB-B9F5-81B08313ED36}"
EndProject
Project("{2150E333-8FDC-42A3-9474-1A3956D46DE8}") = "IdentityServer4", "IdentityServer4", "{A167296E-B22C-4D33-98A9-6D954B93AF9A}"
EndProject
Project("{9A19103F-16F7-4668-BE54-9A1E7A4F7556}") = "AuthDemo.IdentityServer4.App", "IdentityServer\IdentityServer4\AuthDemo.IdentityServer4.App\AuthDemo.IdentityServer4.App.csproj", "{7B1DBE87-0081-42CE-BF7B-6F5A48744004}"
EndProject
Project("{2150E333-8FDC-42A3-9474-1A3956D46DE8}") = "Duende", "Duende", "{F5CBF9C2-7916-4128-BDFA-10EB0E2B403C}"
EndProject
Project("{9A19103F-16F7-4668-BE54-9A1E7A4F7556}") = "DuendeEmpty", "IdentityServer\Duende\DuendeEmpty\DuendeEmpty.csproj", "{5202D1AC-D06A-4A03-BDC3-A8751F1CC394}"
EndProject
Project("{9A19103F-16F7-4668-BE54-9A1E7A4F7556}") = "DuendeAspNetIdentity", "IdentityServer\Duende\DuendeAspNetIdentity\DuendeAspNetIdentity.csproj", "{B6A0ED10-A792-4551-9B29-C1E0BF6C6FBA}"
EndProject
Project("{9A19103F-16F7-4668-BE54-9A1E7A4F7556}") = "DuendeEntityFrameWorkStores", "IdentityServer\Duende\DuendeEntityFrameWorkStores\DuendeEntityFrameWorkStores.csproj", "{C8E12231-EB47-485A-A0CA-724A62143BC8}"
EndProject
Project("{9A19103F-16F7-4668-BE54-9A1E7A4F7556}") = "Duende.AdminPanel.Admin", "IdentityServer\Duende\Duende.AdminPanel\src\Duende.AdminPanel.Admin\Duende.AdminPanel.Admin.csproj", "{B621F7A0-BA83-464F-AEDD-F90A4D391E98}"
EndProject
Project("{9A19103F-16F7-4668-BE54-9A1E7A4F7556}") = "Duende.AdminPanel.STS.Identity", "IdentityServer\Duende\Duende.AdminPanel\src\Duende.AdminPanel.STS.Identity\Duende.AdminPanel.STS.Identity.csproj", "{70D0768D-0BB2-4027-AFED-C46D4046145A}"
EndProject
Project("{9A19103F-16F7-4668-BE54-9A1E7A4F7556}") = "Duende.AdminPanel.Admin.Api", "IdentityServer\Duende\Duende.AdminPanel\src\Duende.AdminPanel.Admin.Api\Duende.AdminPanel.Admin.Api.csproj", "{543DFF4D-8E01-464C-9A14-EC6A66567DE2}"
EndProject
Project("{9A19103F-16F7-4668-BE54-9A1E7A4F7556}") = "Duende.AdminPanel.Admin.EntityFramework.Shared", "IdentityServer\Duende\Duende.AdminPanel\src\Duende.AdminPanel.Admin.EntityFramework.Shared\Duende.AdminPanel.Admin.EntityFramework.Shared.csproj", "{E132124C-5BCB-46C5-9993-93FCBB76E982}"
EndProject
Project("{9A19103F-16F7-4668-BE54-9A1E7A4F7556}") = "Duende.AdminPanel.Admin.EntityFramework.MySql", "IdentityServer\Duende\Duende.AdminPanel\src\Duende.AdminPanel.Admin.EntityFramework.MySql\Duende.AdminPanel.Admin.EntityFramework.MySql.csproj", "{A5487496-2F4A-46A4-A714-D832CBE38536}"
EndProject
Project("{9A19103F-16F7-4668-BE54-9A1E7A4F7556}") = "Duende.AdminPanel.Admin.EntityFramework.PostgreSQL", "IdentityServer\Duende\Duende.AdminPanel\src\Duende.AdminPanel.Admin.EntityFramework.PostgreSQL\Duende.AdminPanel.Admin.EntityFramework.PostgreSQL.csproj", "{AEB7705B-1DDB-4DB6-BD41-2AA092861DFF}"
EndProject
Project("{9A19103F-16F7-4668-BE54-9A1E7A4F7556}") = "Duende.AdminPanel.Admin.EntityFramework.SqlServer", "IdentityServer\Duende\Duende.AdminPanel\src\Duende.AdminPanel.Admin.EntityFramework.SqlServer\Duende.AdminPanel.Admin.EntityFramework.SqlServer.csproj", "{6991767F-734E-4CBF-AB4A-87C17B4529D4}"
EndProject
Project("{9A19103F-16F7-4668-BE54-9A1E7A4F7556}") = "Duende.AdminPanel.Shared", "IdentityServer\Duende\Duende.AdminPanel\src\Duende.AdminPanel.Shared\Duende.AdminPanel.Shared.csproj", "{165E57A1-0227-4FAE-AEE6-07D31EB4FB06}"
EndProject
Project("{2150E333-8FDC-42A3-9474-1A3956D46DE8}") = "SignalR", "SignalR", "{562D3465-710D-4DA5-B7D4-433D144D43D3}"
EndProject
Project("{9A19103F-16F7-4668-BE54-9A1E7A4F7556}") = "SimpleSignalRServer", "SimpleSignalRServer\SimpleSignalRServer.csproj", "{24BFD294-97E3-4F28-959C-1B445978EDE5}"
EndProject
Project("{9A19103F-16F7-4668-BE54-9A1E7A4F7556}") = "SimpleSignalRClient", "SimpleSignalRClient\SimpleSignalRClient.csproj", "{FB78A56F-4670-46F2-BF8D-3CE456966803}"
EndProject
Project("{2150E333-8FDC-42A3-9474-1A3956D46DE8}") = "SignalRSendFiles", "SignalRSendFiles", "{F403697D-25CF-4864-A977-FE9F8BFB5FD9}"
EndProject
Project("{9A19103F-16F7-4668-BE54-9A1E7A4F7556}") = "SIgnalRSendFilesServer", "SIgnalRSendFilesServer\SIgnalRSendFilesServer.csproj", "{2B382AD0-77C1-4C89-863D-D0FF98B62C56}"
EndProject
Project("{9A19103F-16F7-4668-BE54-9A1E7A4F7556}") = "SIgnalRResponceFilesClient", "SIgnalRResponceFilesClient\SIgnalRResponceFilesClient.csproj", "{C4B3D81B-38FA-4E55-9205-2BDC0FF38E26}"
EndProject
Project("{9A19103F-16F7-4668-BE54-9A1E7A4F7556}") = "SignalRSendFilesModels", "SignalRSendFilesModels\SignalRSendFilesModels.csproj", "{D7E6D4FE-12C9-4B8A-A3F7-2C9D786423AE}"
EndProject
Project("{2150E333-8FDC-42A3-9474-1A3956D46DE8}") = "LearnSpanT", "LearnSpanT", "{50CA4F4A-5288-431B-9CD3-B32F1C1B5467}"
EndProject
Project("{9A19103F-16F7-4668-BE54-9A1E7A4F7556}") = "LearnSpanT", "LearnSpanT\LearnSpanT.csproj", "{F934CC19-8091-4D25-870C-87DCED76CE26}"
EndProject
Project("{2150E333-8FDC-42A3-9474-1A3956D46DE8}") = "SignalRSendFilesCheckHash", "SignalRSendFilesCheckHash", "{6B95E90A-421C-44EC-AEBD-1FB9DD9F1AF9}"
EndProject
Project("{9A19103F-16F7-4668-BE54-9A1E7A4F7556}") = "SignalRSendFilesCheckHash.Models", "SignalRSendFilesCheckHash.Models\SignalRSendFilesCheckHash.Models.csproj", "{09AB81FC-13E4-428E-973A-98368907444D}"
EndProject
Project("{9A19103F-16F7-4668-BE54-9A1E7A4F7556}") = "SignalRSendFilesCheckHash.Client", "SignalRSendFilesCheckHash.Client\SignalRSendFilesCheckHash.Client.csproj", "{25AFCF2D-62AD-43E5-B4D9-D43C236CFDF9}"
EndProject
Project("{9A19103F-16F7-4668-BE54-9A1E7A4F7556}") = "SignalRSendFilesCheckHash.Server", "SignalRSendFilesCheckHash.Server\SignalRSendFilesCheckHash.Server.csproj", "{AB9EA9A8-5134-46E2-A0BB-76021FB50BF5}"
EndProject
Project("{2150E333-8FDC-42A3-9474-1A3956D46DE8}") = "SignalRGenerationClient", "SignalRGenerationClient", "{0D89B606-2117-41C4-9F24-6FC2EF6BACAC}"
EndProject
Project("{9A19103F-16F7-4668-BE54-9A1E7A4F7556}") = "SignalRGenerationClient.Client", "SignalRGenerationClient.Client\SignalRGenerationClient.Client.csproj", "{32B5CE50-65E7-4D7D-91C8-1085D655A5DA}"
EndProject
Project("{9A19103F-16F7-4668-BE54-9A1E7A4F7556}") = "SignalRGenerationClient.Server", "SignalRGenerationClient.Server\SignalRGenerationClient.Server.csproj", "{82F9DA51-96F8-484D-87D8-53552DC399B0}"
EndProject
Project("{FAE04EC0-301F-11D3-BF4B-00C04F79EFBC}") = "SignalRGenerationClient.Shared", "SignalRGenerationClient.Shared\SignalRGenerationClient.Shared.csproj", "{7D889639-589C-4785-8AFD-CBED9985F0FA}"
EndProject
Global
	GlobalSection(SolutionConfigurationPlatforms) = preSolution
		Debug|Any CPU = Debug|Any CPU
		Release|Any CPU = Release|Any CPU
	EndGlobalSection
	GlobalSection(ProjectConfigurationPlatforms) = postSolution
		{E6B5DCD0-EAAA-48C9-8F9A-566DDFB1A11D}.Debug|Any CPU.ActiveCfg = Debug|Any CPU
		{E6B5DCD0-EAAA-48C9-8F9A-566DDFB1A11D}.Debug|Any CPU.Build.0 = Debug|Any CPU
		{E6B5DCD0-EAAA-48C9-8F9A-566DDFB1A11D}.Release|Any CPU.ActiveCfg = Release|Any CPU
		{E6B5DCD0-EAAA-48C9-8F9A-566DDFB1A11D}.Release|Any CPU.Build.0 = Release|Any CPU
		{CF208BB2-BC94-4A36-95ED-30A339AA0DF6}.Debug|Any CPU.ActiveCfg = Debug|Any CPU
		{CF208BB2-BC94-4A36-95ED-30A339AA0DF6}.Debug|Any CPU.Build.0 = Debug|Any CPU
		{CF208BB2-BC94-4A36-95ED-30A339AA0DF6}.Release|Any CPU.ActiveCfg = Release|Any CPU
		{CF208BB2-BC94-4A36-95ED-30A339AA0DF6}.Release|Any CPU.Build.0 = Release|Any CPU
		{82896594-BCF4-481A-A88B-99E77AD2737B}.Debug|Any CPU.ActiveCfg = Debug|Any CPU
		{82896594-BCF4-481A-A88B-99E77AD2737B}.Debug|Any CPU.Build.0 = Debug|Any CPU
		{82896594-BCF4-481A-A88B-99E77AD2737B}.Release|Any CPU.ActiveCfg = Release|Any CPU
		{82896594-BCF4-481A-A88B-99E77AD2737B}.Release|Any CPU.Build.0 = Release|Any CPU
		{03F2F84B-728C-4729-914C-E05E1DAA5B6F}.Debug|Any CPU.ActiveCfg = Debug|Any CPU
		{03F2F84B-728C-4729-914C-E05E1DAA5B6F}.Debug|Any CPU.Build.0 = Debug|Any CPU
		{03F2F84B-728C-4729-914C-E05E1DAA5B6F}.Release|Any CPU.ActiveCfg = Release|Any CPU
		{03F2F84B-728C-4729-914C-E05E1DAA5B6F}.Release|Any CPU.Build.0 = Release|Any CPU
		{4ABC1647-49DC-4D02-9C6D-BEEFC6CD1589}.Debug|Any CPU.ActiveCfg = Debug|Any CPU
		{4ABC1647-49DC-4D02-9C6D-BEEFC6CD1589}.Debug|Any CPU.Build.0 = Debug|Any CPU
		{4ABC1647-49DC-4D02-9C6D-BEEFC6CD1589}.Release|Any CPU.ActiveCfg = Release|Any CPU
		{4ABC1647-49DC-4D02-9C6D-BEEFC6CD1589}.Release|Any CPU.Build.0 = Release|Any CPU
		{68C2BAD5-2668-4E7E-924C-0C4217719A48}.Debug|Any CPU.ActiveCfg = Debug|Any CPU
		{68C2BAD5-2668-4E7E-924C-0C4217719A48}.Debug|Any CPU.Build.0 = Debug|Any CPU
		{68C2BAD5-2668-4E7E-924C-0C4217719A48}.Release|Any CPU.ActiveCfg = Release|Any CPU
		{68C2BAD5-2668-4E7E-924C-0C4217719A48}.Release|Any CPU.Build.0 = Release|Any CPU
		{8CD371E3-CF9D-4E18-B9AD-D19730334556}.Debug|Any CPU.ActiveCfg = Debug|Any CPU
		{8CD371E3-CF9D-4E18-B9AD-D19730334556}.Debug|Any CPU.Build.0 = Debug|Any CPU
		{8CD371E3-CF9D-4E18-B9AD-D19730334556}.Release|Any CPU.ActiveCfg = Release|Any CPU
		{8CD371E3-CF9D-4E18-B9AD-D19730334556}.Release|Any CPU.Build.0 = Release|Any CPU
		{F36287A7-E5AA-4920-BA27-B8E26E122976}.Debug|Any CPU.ActiveCfg = Debug|Any CPU
		{F36287A7-E5AA-4920-BA27-B8E26E122976}.Debug|Any CPU.Build.0 = Debug|Any CPU
		{F36287A7-E5AA-4920-BA27-B8E26E122976}.Release|Any CPU.ActiveCfg = Release|Any CPU
		{F36287A7-E5AA-4920-BA27-B8E26E122976}.Release|Any CPU.Build.0 = Release|Any CPU
		{79E42A22-6A19-4B12-9B17-9877B6D5199F}.Debug|Any CPU.ActiveCfg = Debug|Any CPU
		{79E42A22-6A19-4B12-9B17-9877B6D5199F}.Debug|Any CPU.Build.0 = Debug|Any CPU
		{79E42A22-6A19-4B12-9B17-9877B6D5199F}.Release|Any CPU.ActiveCfg = Release|Any CPU
		{79E42A22-6A19-4B12-9B17-9877B6D5199F}.Release|Any CPU.Build.0 = Release|Any CPU
		{534E53EF-0A3E-4AAB-9445-4D3FCD1C447F}.Debug|Any CPU.ActiveCfg = Debug|Any CPU
		{534E53EF-0A3E-4AAB-9445-4D3FCD1C447F}.Debug|Any CPU.Build.0 = Debug|Any CPU
		{534E53EF-0A3E-4AAB-9445-4D3FCD1C447F}.Release|Any CPU.ActiveCfg = Release|Any CPU
		{534E53EF-0A3E-4AAB-9445-4D3FCD1C447F}.Release|Any CPU.Build.0 = Release|Any CPU
		{00E03422-8EBB-42AB-9B7E-76AB0B5B222E}.Debug|Any CPU.ActiveCfg = Debug|Any CPU
		{00E03422-8EBB-42AB-9B7E-76AB0B5B222E}.Debug|Any CPU.Build.0 = Debug|Any CPU
		{00E03422-8EBB-42AB-9B7E-76AB0B5B222E}.Release|Any CPU.ActiveCfg = Release|Any CPU
		{00E03422-8EBB-42AB-9B7E-76AB0B5B222E}.Release|Any CPU.Build.0 = Release|Any CPU
		{355A007C-F4DF-457F-9018-F688B141F73F}.Debug|Any CPU.ActiveCfg = Debug|Any CPU
		{355A007C-F4DF-457F-9018-F688B141F73F}.Debug|Any CPU.Build.0 = Debug|Any CPU
		{355A007C-F4DF-457F-9018-F688B141F73F}.Release|Any CPU.ActiveCfg = Release|Any CPU
		{355A007C-F4DF-457F-9018-F688B141F73F}.Release|Any CPU.Build.0 = Release|Any CPU
		{0EF4EF45-9869-4375-9D93-D318BDD46A3A}.Debug|Any CPU.ActiveCfg = Debug|Any CPU
		{0EF4EF45-9869-4375-9D93-D318BDD46A3A}.Debug|Any CPU.Build.0 = Debug|Any CPU
		{0EF4EF45-9869-4375-9D93-D318BDD46A3A}.Release|Any CPU.ActiveCfg = Release|Any CPU
		{0EF4EF45-9869-4375-9D93-D318BDD46A3A}.Release|Any CPU.Build.0 = Release|Any CPU
		{31361514-D713-4A40-A402-B3E781FFACE9}.Debug|Any CPU.ActiveCfg = Debug|Any CPU
		{31361514-D713-4A40-A402-B3E781FFACE9}.Debug|Any CPU.Build.0 = Debug|Any CPU
		{31361514-D713-4A40-A402-B3E781FFACE9}.Release|Any CPU.ActiveCfg = Release|Any CPU
		{31361514-D713-4A40-A402-B3E781FFACE9}.Release|Any CPU.Build.0 = Release|Any CPU
		{88AAB0D8-861C-4086-A565-A244084CDC5F}.Debug|Any CPU.ActiveCfg = Debug|Any CPU
		{88AAB0D8-861C-4086-A565-A244084CDC5F}.Debug|Any CPU.Build.0 = Debug|Any CPU
		{88AAB0D8-861C-4086-A565-A244084CDC5F}.Release|Any CPU.ActiveCfg = Release|Any CPU
		{88AAB0D8-861C-4086-A565-A244084CDC5F}.Release|Any CPU.Build.0 = Release|Any CPU
		{A5B8962F-BFE8-46D1-A391-8868D553AE87}.Debug|Any CPU.ActiveCfg = Debug|Any CPU
		{A5B8962F-BFE8-46D1-A391-8868D553AE87}.Debug|Any CPU.Build.0 = Debug|Any CPU
		{A5B8962F-BFE8-46D1-A391-8868D553AE87}.Release|Any CPU.ActiveCfg = Release|Any CPU
		{A5B8962F-BFE8-46D1-A391-8868D553AE87}.Release|Any CPU.Build.0 = Release|Any CPU
		{694AC84E-AE5B-4BC2-99F2-EA2AAAA9A142}.Debug|Any CPU.ActiveCfg = Debug|Any CPU
		{694AC84E-AE5B-4BC2-99F2-EA2AAAA9A142}.Debug|Any CPU.Build.0 = Debug|Any CPU
		{694AC84E-AE5B-4BC2-99F2-EA2AAAA9A142}.Release|Any CPU.ActiveCfg = Release|Any CPU
		{694AC84E-AE5B-4BC2-99F2-EA2AAAA9A142}.Release|Any CPU.Build.0 = Release|Any CPU
		{2AB7DDE4-4AF8-4D1B-9CAD-950A06F6C00D}.Debug|Any CPU.ActiveCfg = Debug|Any CPU
		{2AB7DDE4-4AF8-4D1B-9CAD-950A06F6C00D}.Debug|Any CPU.Build.0 = Debug|Any CPU
		{2AB7DDE4-4AF8-4D1B-9CAD-950A06F6C00D}.Release|Any CPU.ActiveCfg = Release|Any CPU
		{2AB7DDE4-4AF8-4D1B-9CAD-950A06F6C00D}.Release|Any CPU.Build.0 = Release|Any CPU
		{1D258490-58F6-41ED-A4B7-C8DC974938EC}.Debug|Any CPU.ActiveCfg = Debug|Any CPU
		{1D258490-58F6-41ED-A4B7-C8DC974938EC}.Debug|Any CPU.Build.0 = Debug|Any CPU
		{1D258490-58F6-41ED-A4B7-C8DC974938EC}.Release|Any CPU.ActiveCfg = Release|Any CPU
		{1D258490-58F6-41ED-A4B7-C8DC974938EC}.Release|Any CPU.Build.0 = Release|Any CPU
		{A2D9F4D2-88DD-480C-B674-B938C5318E93}.Debug|Any CPU.ActiveCfg = Debug|Any CPU
		{A2D9F4D2-88DD-480C-B674-B938C5318E93}.Debug|Any CPU.Build.0 = Debug|Any CPU
		{A2D9F4D2-88DD-480C-B674-B938C5318E93}.Release|Any CPU.ActiveCfg = Release|Any CPU
		{A2D9F4D2-88DD-480C-B674-B938C5318E93}.Release|Any CPU.Build.0 = Release|Any CPU
		{16574724-1473-4AB0-B392-A3EA4617430B}.Debug|Any CPU.ActiveCfg = Debug|Any CPU
		{16574724-1473-4AB0-B392-A3EA4617430B}.Debug|Any CPU.Build.0 = Debug|Any CPU
		{16574724-1473-4AB0-B392-A3EA4617430B}.Release|Any CPU.ActiveCfg = Release|Any CPU
		{16574724-1473-4AB0-B392-A3EA4617430B}.Release|Any CPU.Build.0 = Release|Any CPU
		{6FB36155-2045-4C88-98F9-4A0B81560008}.Debug|Any CPU.ActiveCfg = Debug|Any CPU
		{6FB36155-2045-4C88-98F9-4A0B81560008}.Debug|Any CPU.Build.0 = Debug|Any CPU
		{6FB36155-2045-4C88-98F9-4A0B81560008}.Release|Any CPU.ActiveCfg = Release|Any CPU
		{6FB36155-2045-4C88-98F9-4A0B81560008}.Release|Any CPU.Build.0 = Release|Any CPU
		{126B99D1-8942-4E4D-960E-A7B88F6D8FE3}.Debug|Any CPU.ActiveCfg = Debug|Any CPU
		{126B99D1-8942-4E4D-960E-A7B88F6D8FE3}.Debug|Any CPU.Build.0 = Debug|Any CPU
		{126B99D1-8942-4E4D-960E-A7B88F6D8FE3}.Release|Any CPU.ActiveCfg = Release|Any CPU
		{126B99D1-8942-4E4D-960E-A7B88F6D8FE3}.Release|Any CPU.Build.0 = Release|Any CPU
		{1EC36F5A-469D-4149-9538-1A9D4C0135F1}.Debug|Any CPU.ActiveCfg = Debug|Any CPU
		{1EC36F5A-469D-4149-9538-1A9D4C0135F1}.Debug|Any CPU.Build.0 = Debug|Any CPU
		{1EC36F5A-469D-4149-9538-1A9D4C0135F1}.Release|Any CPU.ActiveCfg = Release|Any CPU
		{1EC36F5A-469D-4149-9538-1A9D4C0135F1}.Release|Any CPU.Build.0 = Release|Any CPU
		{ABAAE78C-2317-4D46-9945-CB3A165E4778}.Debug|Any CPU.ActiveCfg = Debug|Any CPU
		{ABAAE78C-2317-4D46-9945-CB3A165E4778}.Debug|Any CPU.Build.0 = Debug|Any CPU
		{ABAAE78C-2317-4D46-9945-CB3A165E4778}.Release|Any CPU.ActiveCfg = Release|Any CPU
		{ABAAE78C-2317-4D46-9945-CB3A165E4778}.Release|Any CPU.Build.0 = Release|Any CPU
		{7B1DBE87-0081-42CE-BF7B-6F5A48744004}.Debug|Any CPU.ActiveCfg = Debug|Any CPU
		{7B1DBE87-0081-42CE-BF7B-6F5A48744004}.Debug|Any CPU.Build.0 = Debug|Any CPU
		{7B1DBE87-0081-42CE-BF7B-6F5A48744004}.Release|Any CPU.ActiveCfg = Release|Any CPU
		{7B1DBE87-0081-42CE-BF7B-6F5A48744004}.Release|Any CPU.Build.0 = Release|Any CPU
		{5202D1AC-D06A-4A03-BDC3-A8751F1CC394}.Debug|Any CPU.ActiveCfg = Debug|Any CPU
		{5202D1AC-D06A-4A03-BDC3-A8751F1CC394}.Debug|Any CPU.Build.0 = Debug|Any CPU
		{5202D1AC-D06A-4A03-BDC3-A8751F1CC394}.Release|Any CPU.ActiveCfg = Release|Any CPU
		{5202D1AC-D06A-4A03-BDC3-A8751F1CC394}.Release|Any CPU.Build.0 = Release|Any CPU
		{B6A0ED10-A792-4551-9B29-C1E0BF6C6FBA}.Debug|Any CPU.ActiveCfg = Debug|Any CPU
		{B6A0ED10-A792-4551-9B29-C1E0BF6C6FBA}.Debug|Any CPU.Build.0 = Debug|Any CPU
		{B6A0ED10-A792-4551-9B29-C1E0BF6C6FBA}.Release|Any CPU.ActiveCfg = Release|Any CPU
		{B6A0ED10-A792-4551-9B29-C1E0BF6C6FBA}.Release|Any CPU.Build.0 = Release|Any CPU
		{C8E12231-EB47-485A-A0CA-724A62143BC8}.Debug|Any CPU.ActiveCfg = Debug|Any CPU
		{C8E12231-EB47-485A-A0CA-724A62143BC8}.Debug|Any CPU.Build.0 = Debug|Any CPU
		{C8E12231-EB47-485A-A0CA-724A62143BC8}.Release|Any CPU.ActiveCfg = Release|Any CPU
		{C8E12231-EB47-485A-A0CA-724A62143BC8}.Release|Any CPU.Build.0 = Release|Any CPU
		{B621F7A0-BA83-464F-AEDD-F90A4D391E98}.Debug|Any CPU.ActiveCfg = Debug|Any CPU
		{B621F7A0-BA83-464F-AEDD-F90A4D391E98}.Debug|Any CPU.Build.0 = Debug|Any CPU
		{B621F7A0-BA83-464F-AEDD-F90A4D391E98}.Release|Any CPU.ActiveCfg = Release|Any CPU
		{B621F7A0-BA83-464F-AEDD-F90A4D391E98}.Release|Any CPU.Build.0 = Release|Any CPU
		{70D0768D-0BB2-4027-AFED-C46D4046145A}.Debug|Any CPU.ActiveCfg = Debug|Any CPU
		{70D0768D-0BB2-4027-AFED-C46D4046145A}.Debug|Any CPU.Build.0 = Debug|Any CPU
		{70D0768D-0BB2-4027-AFED-C46D4046145A}.Release|Any CPU.ActiveCfg = Release|Any CPU
		{70D0768D-0BB2-4027-AFED-C46D4046145A}.Release|Any CPU.Build.0 = Release|Any CPU
		{543DFF4D-8E01-464C-9A14-EC6A66567DE2}.Debug|Any CPU.ActiveCfg = Debug|Any CPU
		{543DFF4D-8E01-464C-9A14-EC6A66567DE2}.Debug|Any CPU.Build.0 = Debug|Any CPU
		{543DFF4D-8E01-464C-9A14-EC6A66567DE2}.Release|Any CPU.ActiveCfg = Release|Any CPU
		{543DFF4D-8E01-464C-9A14-EC6A66567DE2}.Release|Any CPU.Build.0 = Release|Any CPU
		{E132124C-5BCB-46C5-9993-93FCBB76E982}.Debug|Any CPU.ActiveCfg = Debug|Any CPU
		{E132124C-5BCB-46C5-9993-93FCBB76E982}.Debug|Any CPU.Build.0 = Debug|Any CPU
		{E132124C-5BCB-46C5-9993-93FCBB76E982}.Release|Any CPU.ActiveCfg = Release|Any CPU
		{E132124C-5BCB-46C5-9993-93FCBB76E982}.Release|Any CPU.Build.0 = Release|Any CPU
		{A5487496-2F4A-46A4-A714-D832CBE38536}.Debug|Any CPU.ActiveCfg = Debug|Any CPU
		{A5487496-2F4A-46A4-A714-D832CBE38536}.Debug|Any CPU.Build.0 = Debug|Any CPU
		{A5487496-2F4A-46A4-A714-D832CBE38536}.Release|Any CPU.ActiveCfg = Release|Any CPU
		{A5487496-2F4A-46A4-A714-D832CBE38536}.Release|Any CPU.Build.0 = Release|Any CPU
		{AEB7705B-1DDB-4DB6-BD41-2AA092861DFF}.Debug|Any CPU.ActiveCfg = Debug|Any CPU
		{AEB7705B-1DDB-4DB6-BD41-2AA092861DFF}.Debug|Any CPU.Build.0 = Debug|Any CPU
		{AEB7705B-1DDB-4DB6-BD41-2AA092861DFF}.Release|Any CPU.ActiveCfg = Release|Any CPU
		{AEB7705B-1DDB-4DB6-BD41-2AA092861DFF}.Release|Any CPU.Build.0 = Release|Any CPU
		{6991767F-734E-4CBF-AB4A-87C17B4529D4}.Debug|Any CPU.ActiveCfg = Debug|Any CPU
		{6991767F-734E-4CBF-AB4A-87C17B4529D4}.Debug|Any CPU.Build.0 = Debug|Any CPU
		{6991767F-734E-4CBF-AB4A-87C17B4529D4}.Release|Any CPU.ActiveCfg = Release|Any CPU
		{6991767F-734E-4CBF-AB4A-87C17B4529D4}.Release|Any CPU.Build.0 = Release|Any CPU
		{165E57A1-0227-4FAE-AEE6-07D31EB4FB06}.Debug|Any CPU.ActiveCfg = Debug|Any CPU
		{165E57A1-0227-4FAE-AEE6-07D31EB4FB06}.Debug|Any CPU.Build.0 = Debug|Any CPU
		{165E57A1-0227-4FAE-AEE6-07D31EB4FB06}.Release|Any CPU.ActiveCfg = Release|Any CPU
		{165E57A1-0227-4FAE-AEE6-07D31EB4FB06}.Release|Any CPU.Build.0 = Release|Any CPU
		{24BFD294-97E3-4F28-959C-1B445978EDE5}.Debug|Any CPU.ActiveCfg = Debug|Any CPU
		{24BFD294-97E3-4F28-959C-1B445978EDE5}.Debug|Any CPU.Build.0 = Debug|Any CPU
		{24BFD294-97E3-4F28-959C-1B445978EDE5}.Release|Any CPU.ActiveCfg = Release|Any CPU
		{24BFD294-97E3-4F28-959C-1B445978EDE5}.Release|Any CPU.Build.0 = Release|Any CPU
		{FB78A56F-4670-46F2-BF8D-3CE456966803}.Debug|Any CPU.ActiveCfg = Debug|Any CPU
		{FB78A56F-4670-46F2-BF8D-3CE456966803}.Debug|Any CPU.Build.0 = Debug|Any CPU
		{FB78A56F-4670-46F2-BF8D-3CE456966803}.Release|Any CPU.ActiveCfg = Release|Any CPU
		{FB78A56F-4670-46F2-BF8D-3CE456966803}.Release|Any CPU.Build.0 = Release|Any CPU
		{2B382AD0-77C1-4C89-863D-D0FF98B62C56}.Debug|Any CPU.ActiveCfg = Debug|Any CPU
		{2B382AD0-77C1-4C89-863D-D0FF98B62C56}.Debug|Any CPU.Build.0 = Debug|Any CPU
		{2B382AD0-77C1-4C89-863D-D0FF98B62C56}.Release|Any CPU.ActiveCfg = Release|Any CPU
		{2B382AD0-77C1-4C89-863D-D0FF98B62C56}.Release|Any CPU.Build.0 = Release|Any CPU
		{C4B3D81B-38FA-4E55-9205-2BDC0FF38E26}.Debug|Any CPU.ActiveCfg = Debug|Any CPU
		{C4B3D81B-38FA-4E55-9205-2BDC0FF38E26}.Debug|Any CPU.Build.0 = Debug|Any CPU
		{C4B3D81B-38FA-4E55-9205-2BDC0FF38E26}.Release|Any CPU.ActiveCfg = Release|Any CPU
		{C4B3D81B-38FA-4E55-9205-2BDC0FF38E26}.Release|Any CPU.Build.0 = Release|Any CPU
		{D7E6D4FE-12C9-4B8A-A3F7-2C9D786423AE}.Debug|Any CPU.ActiveCfg = Debug|Any CPU
		{D7E6D4FE-12C9-4B8A-A3F7-2C9D786423AE}.Debug|Any CPU.Build.0 = Debug|Any CPU
		{D7E6D4FE-12C9-4B8A-A3F7-2C9D786423AE}.Release|Any CPU.ActiveCfg = Release|Any CPU
		{D7E6D4FE-12C9-4B8A-A3F7-2C9D786423AE}.Release|Any CPU.Build.0 = Release|Any CPU
		{F934CC19-8091-4D25-870C-87DCED76CE26}.Debug|Any CPU.ActiveCfg = Debug|Any CPU
		{F934CC19-8091-4D25-870C-87DCED76CE26}.Debug|Any CPU.Build.0 = Debug|Any CPU
		{F934CC19-8091-4D25-870C-87DCED76CE26}.Release|Any CPU.ActiveCfg = Release|Any CPU
		{F934CC19-8091-4D25-870C-87DCED76CE26}.Release|Any CPU.Build.0 = Release|Any CPU
		{09AB81FC-13E4-428E-973A-98368907444D}.Debug|Any CPU.ActiveCfg = Debug|Any CPU
		{09AB81FC-13E4-428E-973A-98368907444D}.Debug|Any CPU.Build.0 = Debug|Any CPU
		{09AB81FC-13E4-428E-973A-98368907444D}.Release|Any CPU.ActiveCfg = Release|Any CPU
		{09AB81FC-13E4-428E-973A-98368907444D}.Release|Any CPU.Build.0 = Release|Any CPU
		{25AFCF2D-62AD-43E5-B4D9-D43C236CFDF9}.Debug|Any CPU.ActiveCfg = Debug|Any CPU
		{25AFCF2D-62AD-43E5-B4D9-D43C236CFDF9}.Debug|Any CPU.Build.0 = Debug|Any CPU
		{25AFCF2D-62AD-43E5-B4D9-D43C236CFDF9}.Release|Any CPU.ActiveCfg = Release|Any CPU
		{25AFCF2D-62AD-43E5-B4D9-D43C236CFDF9}.Release|Any CPU.Build.0 = Release|Any CPU
		{AB9EA9A8-5134-46E2-A0BB-76021FB50BF5}.Debug|Any CPU.ActiveCfg = Debug|Any CPU
		{AB9EA9A8-5134-46E2-A0BB-76021FB50BF5}.Debug|Any CPU.Build.0 = Debug|Any CPU
		{AB9EA9A8-5134-46E2-A0BB-76021FB50BF5}.Release|Any CPU.ActiveCfg = Release|Any CPU
		{AB9EA9A8-5134-46E2-A0BB-76021FB50BF5}.Release|Any CPU.Build.0 = Release|Any CPU
		{32B5CE50-65E7-4D7D-91C8-1085D655A5DA}.Debug|Any CPU.ActiveCfg = Debug|Any CPU
		{32B5CE50-65E7-4D7D-91C8-1085D655A5DA}.Debug|Any CPU.Build.0 = Debug|Any CPU
		{32B5CE50-65E7-4D7D-91C8-1085D655A5DA}.Release|Any CPU.ActiveCfg = Release|Any CPU
		{32B5CE50-65E7-4D7D-91C8-1085D655A5DA}.Release|Any CPU.Build.0 = Release|Any CPU
		{82F9DA51-96F8-484D-87D8-53552DC399B0}.Debug|Any CPU.ActiveCfg = Debug|Any CPU
		{82F9DA51-96F8-484D-87D8-53552DC399B0}.Debug|Any CPU.Build.0 = Debug|Any CPU
		{82F9DA51-96F8-484D-87D8-53552DC399B0}.Release|Any CPU.ActiveCfg = Release|Any CPU
		{82F9DA51-96F8-484D-87D8-53552DC399B0}.Release|Any CPU.Build.0 = Release|Any CPU
		{7D889639-589C-4785-8AFD-CBED9985F0FA}.Debug|Any CPU.ActiveCfg = Debug|Any CPU
		{7D889639-589C-4785-8AFD-CBED9985F0FA}.Debug|Any CPU.Build.0 = Debug|Any CPU
		{7D889639-589C-4785-8AFD-CBED9985F0FA}.Release|Any CPU.ActiveCfg = Release|Any CPU
		{7D889639-589C-4785-8AFD-CBED9985F0FA}.Release|Any CPU.Build.0 = Release|Any CPU
	EndGlobalSection
	GlobalSection(SolutionProperties) = preSolution
		HideSolutionNode = FALSE
	EndGlobalSection
	GlobalSection(NestedProjects) = preSolution
		{82896594-BCF4-481A-A88B-99E77AD2737B} = {8C775AD7-8607-4363-AFF8-4A3C134D34A2}
		{03F2F84B-728C-4729-914C-E05E1DAA5B6F} = {8C775AD7-8607-4363-AFF8-4A3C134D34A2}
		{4ABC1647-49DC-4D02-9C6D-BEEFC6CD1589} = {A7818ADB-3FDB-4724-BAA0-C6D8C18AD265}
		{A7818ADB-3FDB-4724-BAA0-C6D8C18AD265} = {8C775AD7-8607-4363-AFF8-4A3C134D34A2}
		{68C2BAD5-2668-4E7E-924C-0C4217719A48} = {A7818ADB-3FDB-4724-BAA0-C6D8C18AD265}
		{8CD371E3-CF9D-4E18-B9AD-D19730334556} = {A7818ADB-3FDB-4724-BAA0-C6D8C18AD265}
		{6D1F9306-5A87-4B4A-8DFF-4B5A4757EE58} = {8C775AD7-8607-4363-AFF8-4A3C134D34A2}
		{F36287A7-E5AA-4920-BA27-B8E26E122976} = {6D1F9306-5A87-4B4A-8DFF-4B5A4757EE58}
		{79E42A22-6A19-4B12-9B17-9877B6D5199F} = {6D1F9306-5A87-4B4A-8DFF-4B5A4757EE58}
		{534E53EF-0A3E-4AAB-9445-4D3FCD1C447F} = {6D1F9306-5A87-4B4A-8DFF-4B5A4757EE58}
		{00E03422-8EBB-42AB-9B7E-76AB0B5B222E} = {6D1F9306-5A87-4B4A-8DFF-4B5A4757EE58}
		{6A56F556-1646-4345-B4B2-9D6574E3960C} = {8C775AD7-8607-4363-AFF8-4A3C134D34A2}
		{355A007C-F4DF-457F-9018-F688B141F73F} = {6A56F556-1646-4345-B4B2-9D6574E3960C}
		{0EF4EF45-9869-4375-9D93-D318BDD46A3A} = {6A56F556-1646-4345-B4B2-9D6574E3960C}
		{8FB0AA5E-3305-41CA-B4B1-C571104AEB71} = {8C775AD7-8607-4363-AFF8-4A3C134D34A2}
		{31361514-D713-4A40-A402-B3E781FFACE9} = {8FB0AA5E-3305-41CA-B4B1-C571104AEB71}
		{88AAB0D8-861C-4086-A565-A244084CDC5F} = {8FB0AA5E-3305-41CA-B4B1-C571104AEB71}
		{AE9B448A-6A42-425E-B5DC-4A9280339C1E} = {8C775AD7-8607-4363-AFF8-4A3C134D34A2}
		{A5B8962F-BFE8-46D1-A391-8868D553AE87} = {AE9B448A-6A42-425E-B5DC-4A9280339C1E}
		{694AC84E-AE5B-4BC2-99F2-EA2AAAA9A142} = {AE9B448A-6A42-425E-B5DC-4A9280339C1E}
		{3BD6D709-73AB-4B9B-AC7B-2D3545520B34} = {8C775AD7-8607-4363-AFF8-4A3C134D34A2}
		{2AB7DDE4-4AF8-4D1B-9CAD-950A06F6C00D} = {3BD6D709-73AB-4B9B-AC7B-2D3545520B34}
		{1D258490-58F6-41ED-A4B7-C8DC974938EC} = {3BD6D709-73AB-4B9B-AC7B-2D3545520B34}
		{7D31B4A5-96C7-4B9E-9220-8552D86FD698} = {8C775AD7-8607-4363-AFF8-4A3C134D34A2}
		{A2D9F4D2-88DD-480C-B674-B938C5318E93} = {7D31B4A5-96C7-4B9E-9220-8552D86FD698}
		{16574724-1473-4AB0-B392-A3EA4617430B} = {7D31B4A5-96C7-4B9E-9220-8552D86FD698}
		{6FB36155-2045-4C88-98F9-4A0B81560008} = {48287682-C048-4BCB-AD1B-2D8775DA8570}
		{126B99D1-8942-4E4D-960E-A7B88F6D8FE3} = {48287682-C048-4BCB-AD1B-2D8775DA8570}
		{1EC36F5A-469D-4149-9538-1A9D4C0135F1} = {29DE4BD0-1A74-4CCA-AB79-AE42EE5D26B0}
		{ABAAE78C-2317-4D46-9945-CB3A165E4778} = {29DE4BD0-1A74-4CCA-AB79-AE42EE5D26B0}
		{A167296E-B22C-4D33-98A9-6D954B93AF9A} = {85C5C9D0-A78E-44DE-A1F4-F27A0ABA9DAA}
		{7B1DBE87-0081-42CE-BF7B-6F5A48744004} = {A167296E-B22C-4D33-98A9-6D954B93AF9A}
		{F5CBF9C2-7916-4128-BDFA-10EB0E2B403C} = {85C5C9D0-A78E-44DE-A1F4-F27A0ABA9DAA}
		{5202D1AC-D06A-4A03-BDC3-A8751F1CC394} = {F5CBF9C2-7916-4128-BDFA-10EB0E2B403C}
		{B6A0ED10-A792-4551-9B29-C1E0BF6C6FBA} = {F5CBF9C2-7916-4128-BDFA-10EB0E2B403C}
		{C8E12231-EB47-485A-A0CA-724A62143BC8} = {F5CBF9C2-7916-4128-BDFA-10EB0E2B403C}
		{B621F7A0-BA83-464F-AEDD-F90A4D391E98} = {F5CBF9C2-7916-4128-BDFA-10EB0E2B403C}
		{70D0768D-0BB2-4027-AFED-C46D4046145A} = {F5CBF9C2-7916-4128-BDFA-10EB0E2B403C}
		{543DFF4D-8E01-464C-9A14-EC6A66567DE2} = {F5CBF9C2-7916-4128-BDFA-10EB0E2B403C}
		{E132124C-5BCB-46C5-9993-93FCBB76E982} = {F5CBF9C2-7916-4128-BDFA-10EB0E2B403C}
		{A5487496-2F4A-46A4-A714-D832CBE38536} = {F5CBF9C2-7916-4128-BDFA-10EB0E2B403C}
		{AEB7705B-1DDB-4DB6-BD41-2AA092861DFF} = {F5CBF9C2-7916-4128-BDFA-10EB0E2B403C}
		{6991767F-734E-4CBF-AB4A-87C17B4529D4} = {F5CBF9C2-7916-4128-BDFA-10EB0E2B403C}
		{165E57A1-0227-4FAE-AEE6-07D31EB4FB06} = {F5CBF9C2-7916-4128-BDFA-10EB0E2B403C}
		{24BFD294-97E3-4F28-959C-1B445978EDE5} = {562D3465-710D-4DA5-B7D4-433D144D43D3}
		{FB78A56F-4670-46F2-BF8D-3CE456966803} = {562D3465-710D-4DA5-B7D4-433D144D43D3}
		{F403697D-25CF-4864-A977-FE9F8BFB5FD9} = {562D3465-710D-4DA5-B7D4-433D144D43D3}
		{2B382AD0-77C1-4C89-863D-D0FF98B62C56} = {F403697D-25CF-4864-A977-FE9F8BFB5FD9}
		{C4B3D81B-38FA-4E55-9205-2BDC0FF38E26} = {F403697D-25CF-4864-A977-FE9F8BFB5FD9}
		{D7E6D4FE-12C9-4B8A-A3F7-2C9D786423AE} = {F403697D-25CF-4864-A977-FE9F8BFB5FD9}
		{F934CC19-8091-4D25-870C-87DCED76CE26} = {50CA4F4A-5288-431B-9CD3-B32F1C1B5467}
		{6B95E90A-421C-44EC-AEBD-1FB9DD9F1AF9} = {562D3465-710D-4DA5-B7D4-433D144D43D3}
		{09AB81FC-13E4-428E-973A-98368907444D} = {6B95E90A-421C-44EC-AEBD-1FB9DD9F1AF9}
		{25AFCF2D-62AD-43E5-B4D9-D43C236CFDF9} = {6B95E90A-421C-44EC-AEBD-1FB9DD9F1AF9}
		{AB9EA9A8-5134-46E2-A0BB-76021FB50BF5} = {6B95E90A-421C-44EC-AEBD-1FB9DD9F1AF9}
		{0D89B606-2117-41C4-9F24-6FC2EF6BACAC} = {562D3465-710D-4DA5-B7D4-433D144D43D3}
		{32B5CE50-65E7-4D7D-91C8-1085D655A5DA} = {0D89B606-2117-41C4-9F24-6FC2EF6BACAC}
		{82F9DA51-96F8-484D-87D8-53552DC399B0} = {0D89B606-2117-41C4-9F24-6FC2EF6BACAC}
		{7D889639-589C-4785-8AFD-CBED9985F0FA} = {0D89B606-2117-41C4-9F24-6FC2EF6BACAC}
	EndGlobalSection
	GlobalSection(ExtensibilityGlobals) = postSolution
		SolutionGuid = {FA14B41C-75F2-4A2B-8D55-2863D1815AE1}
	EndGlobalSection
EndGlobal
