
Microsoft Visual Studio Solution File, Format Version 12.00
# Visual Studio Version 17
VisualStudioVersion = 17.3.32901.215
MinimumVisualStudioVersion = 10.0.40219.1
Project("{FAE04EC0-301F-11D3-BF4B-00C04F79EFBC}") = "LearnSeq", "LearnSeq\LearnSeq.csproj", "{E6B5DCD0-EAAA-48C9-8F9A-566DDFB1A11D}"
EndProject
Project("{FAE04EC0-301F-11D3-BF4B-00C04F79EFBC}") = "LearnRedis", "LearnRedis\LearnRedis.csproj", "{CF208BB2-BC94-4A36-95ED-30A339AA0DF6}"
EndProject
Project("{2150E333-8FDC-42A3-9474-1A3956D46DE8}") = "LearnRabbitMQ", "LearnRabbitMQ", "{8C775AD7-8607-4363-AFF8-4A3C134D34A2}"
EndProject
Project("{FAE04EC0-301F-11D3-BF4B-00C04F79EFBC}") = "Producer", "Producer\Producer.csproj", "{82896594-BCF4-481A-A88B-99E77AD2737B}"
EndProject
Project("{FAE04EC0-301F-11D3-BF4B-00C04F79EFBC}") = "Consumer", "Consumer\Consumer.csproj", "{03F2F84B-728C-4729-914C-E05E1DAA5B6F}"
EndProject
Global
	GlobalSection(SolutionConfigurationPlatforms) = preSolution
		Debug|Any CPU = Debug|Any CPU
		Release|Any CPU = Release|Any CPU
	EndGlobalSection
	GlobalSection(ProjectConfigurationPlatforms) = postSolution
		{E6B5DCD0-EAAA-48C9-8F9A-566DDFB1A11D}.Debug|Any CPU.ActiveCfg = Debug|Any CPU
		{E6B5DCD0-EAAA-48C9-8F9A-566DDFB1A11D}.Debug|Any CPU.Build.0 = Debug|Any CPU
		{E6B5DCD0-EAAA-48C9-8F9A-566DDFB1A11D}.Release|Any CPU.ActiveCfg = Release|Any CPU
		{E6B5DCD0-EAAA-48C9-8F9A-566DDFB1A11D}.Release|Any CPU.Build.0 = Release|Any CPU
		{CF208BB2-BC94-4A36-95ED-30A339AA0DF6}.Debug|Any CPU.ActiveCfg = Debug|Any CPU
		{CF208BB2-BC94-4A36-95ED-30A339AA0DF6}.Debug|Any CPU.Build.0 = Debug|Any CPU
		{CF208BB2-BC94-4A36-95ED-30A339AA0DF6}.Release|Any CPU.ActiveCfg = Release|Any CPU
		{CF208BB2-BC94-4A36-95ED-30A339AA0DF6}.Release|Any CPU.Build.0 = Release|Any CPU
		{82896594-BCF4-481A-A88B-99E77AD2737B}.Debug|Any CPU.ActiveCfg = Debug|Any CPU
		{82896594-BCF4-481A-A88B-99E77AD2737B}.Debug|Any CPU.Build.0 = Debug|Any CPU
		{82896594-BCF4-481A-A88B-99E77AD2737B}.Release|Any CPU.ActiveCfg = Release|Any CPU
		{82896594-BCF4-481A-A88B-99E77AD2737B}.Release|Any CPU.Build.0 = Release|Any CPU
		{03F2F84B-728C-4729-914C-E05E1DAA5B6F}.Debug|Any CPU.ActiveCfg = Debug|Any CPU
		{03F2F84B-728C-4729-914C-E05E1DAA5B6F}.Debug|Any CPU.Build.0 = Debug|Any CPU
		{03F2F84B-728C-4729-914C-E05E1DAA5B6F}.Release|Any CPU.ActiveCfg = Release|Any CPU
		{03F2F84B-728C-4729-914C-E05E1DAA5B6F}.Release|Any CPU.Build.0 = Release|Any CPU
	EndGlobalSection
	GlobalSection(SolutionProperties) = preSolution
		HideSolutionNode = FALSE
	EndGlobalSection
	GlobalSection(NestedProjects) = preSolution
		{82896594-BCF4-481A-A88B-99E77AD2737B} = {8C775AD7-8607-4363-AFF8-4A3C134D34A2}
		{03F2F84B-728C-4729-914C-E05E1DAA5B6F} = {8C775AD7-8607-4363-AFF8-4A3C134D34A2}
	EndGlobalSection
	GlobalSection(ExtensibilityGlobals) = postSolution
		SolutionGuid = {FA14B41C-75F2-4A2B-8D55-2863D1815AE1}
	EndGlobalSection
EndGlobal
